<?xml version="1.0" encoding="utf-8"?>
<Project ToolsVersion="4.0" xmlns="http://schemas.microsoft.com/developer/msbuild/2003">
  <ItemGroup>
    <Filter Include="Resource Files">
      <UniqueIdentifier>{1a913106-0be0-4476-b0ce-2aa855072614}</UniqueIdentifier>
      <Extensions>ico;cur;bmp;dlg;rc2;rct;bin;cnt;rtf;gif;jpg;jpeg;jpe</Extensions>
    </Filter>
    <Filter Include="MFC">
      <UniqueIdentifier>{da904ee8-7f59-4a6c-b3ff-b91b6fb6d0ea}</UniqueIdentifier>
    </Filter>
    <Filter Include="GameLibrary">
      <UniqueIdentifier>{df7aa532-3fdf-46a0-b3fc-8f5922e8d9e4}</UniqueIdentifier>
    </Filter>
    <Filter Include="MyGame">
      <UniqueIdentifier>{0c798913-b7d2-4e26-8241-0f83266cd626}</UniqueIdentifier>
    </Filter>
  </ItemGroup>
  <ItemGroup>
    <None Include="RES\bmp0.bmp">
      <Filter>Resource Files</Filter>
    </None>
    <None Include="RES\bmp1.bmp">
      <Filter>Resource Files</Filter>
    </None>
    <None Include="RES\bmp10.bmp">
      <Filter>Resource Files</Filter>
    </None>
    <None Include="RES\bmp2.bmp">
      <Filter>Resource Files</Filter>
    </None>
    <None Include="RES\bmp3.bmp">
      <Filter>Resource Files</Filter>
    </None>
    <None Include="RES\bmp4.bmp">
      <Filter>Resource Files</Filter>
    </None>
    <None Include="RES\bmp5.bmp">
      <Filter>Resource Files</Filter>
    </None>
    <None Include="RES\bmp6.bmp">
      <Filter>Resource Files</Filter>
    </None>
    <None Include="RES\bmp7.bmp">
      <Filter>Resource Files</Filter>
    </None>
    <None Include="RES\bmp8.bmp">
      <Filter>Resource Files</Filter>
    </None>
    <None Include="RES\bmp9.bmp">
      <Filter>Resource Files</Filter>
    </None>
    <None Include="RES\center.bmp">
      <Filter>Resource Files</Filter>
    </None>
    <None Include="RES\continue.bmp">
      <Filter>Resource Files</Filter>
    </None>
    <None Include="Res\corner.bmp">
      <Filter>Resource Files</Filter>
    </None>
    <None Include="res\game.ico">
      <Filter>Resource Files</Filter>
    </None>
    <None Include="res\game.rc2">
      <Filter>Resource Files</Filter>
    </None>
    <None Include="RES\gamecurs.cur">
      <Filter>Resource Files</Filter>
    </None>
    <None Include="res\gameDoc.ico">
      <Filter>Resource Files</Filter>
    </None>
    <None Include="RES\loading.bmp">
      <Filter>Resource Files</Filter>
    </None>
    <None Include="RES\ntutcsie.bmp">
      <Filter>Resource Files</Filter>
    </None>
    <None Include="res\Toolbar.bmp">
      <Filter>Resource Files</Filter>
    </None>
    <None Include="ClassDiagram.cd" />
  </ItemGroup>
  <ItemGroup>
    <ClCompile Include="Source\audio.cpp">
      <Filter>GameLibrary</Filter>
    </ClCompile>
    <ClCompile Include="Source\game.cpp">
      <Filter>MFC</Filter>
    </ClCompile>
    <ClCompile Include="Source\gameDoc.cpp">
      <Filter>MFC</Filter>
    </ClCompile>
    <ClCompile Include="Source\gamelib.cpp">
      <Filter>GameLibrary</Filter>
    </ClCompile>
    <ClCompile Include="Source\gameView.cpp">
      <Filter>MFC</Filter>
    </ClCompile>
    <ClCompile Include="Source\MainFrm.cpp">
      <Filter>MFC</Filter>
    </ClCompile>
    <ClCompile Include="Source\StdAfx.cpp">
      <Filter>MFC</Filter>
    </ClCompile>
    <ClCompile Include="Source\mygame.cpp">
      <Filter>MyGame</Filter>
    </ClCompile>
    <ClCompile Include="Source\CGameMap.cpp">
      <Filter>MyGame</Filter>
    </ClCompile>
    <ClCompile Include="Source\CPlayer.cpp">
      <Filter>MyGame</Filter>
    </ClCompile>
    <ClCompile Include="Source\CMapEvent.cpp">
      <Filter>MyGame</Filter>
    </ClCompile>
    <ClCompile Include="Source\CMapInfo.cpp">
      <Filter>MyGame</Filter>
    </ClCompile>
    <ClCompile Include="Source\CMapTransitionEvent.cpp">
      <Filter>MyGame</Filter>
    </ClCompile>
    <ClCompile Include="Source\CMapManager.cpp">
      <Filter>MyGame</Filter>
    </ClCompile>
    <ClCompile Include="Source\CGameDialog.cpp">
      <Filter>MyGame</Filter>
    </ClCompile>
    <ClCompile Include="Source\CMapFarmingEvent.cpp">
      <Filter>MyGame</Filter>
    </ClCompile>
    <ClCompile Include="Source\CMapShowDialogEvent.cpp">
      <Filter>MyGame</Filter>
    </ClCompile>
  </ItemGroup>
  <ItemGroup>
    <ClInclude Include="Source\audio.h">
      <Filter>GameLibrary</Filter>
    </ClInclude>
    <ClInclude Include="Source\game.h">
      <Filter>MFC</Filter>
    </ClInclude>
    <ClInclude Include="Source\gameDoc.h">
      <Filter>MFC</Filter>
    </ClInclude>
    <ClInclude Include="Source\gamelib.h">
      <Filter>GameLibrary</Filter>
    </ClInclude>
    <ClInclude Include="Source\gameView.h">
      <Filter>MFC</Filter>
    </ClInclude>
    <ClInclude Include="Source\MainFrm.h">
      <Filter>MFC</Filter>
    </ClInclude>
    <ClInclude Include="Source\Resource.h">
      <Filter>MFC</Filter>
    </ClInclude>
    <ClInclude Include="Source\StdAfx.h">
      <Filter>MFC</Filter>
    </ClInclude>
    <ClInclude Include="Source\mygame.h">
      <Filter>MyGame</Filter>
    </ClInclude>
    <ClInclude Include="Source\CGameMap.h">
      <Filter>MyGame</Filter>
    </ClInclude>
    <ClInclude Include="Source\CPlayer.h">
      <Filter>MyGame</Filter>
    </ClInclude>
    <ClInclude Include="Source\CMapEvent.h">
      <Filter>MyGame</Filter>
    </ClInclude>
    <ClInclude Include="Source\CMapInfo.h">
      <Filter>MyGame</Filter>
    </ClInclude>
    <ClInclude Include="Source\CMapTransitionEvent.h">
      <Filter>MyGame</Filter>
    </ClInclude>
    <ClInclude Include="Source\CMapManager.h">
      <Filter>MyGame</Filter>
    </ClInclude>
    <ClInclude Include="Source\CGameDialog.h">
      <Filter>MyGame</Filter>
    </ClInclude>
    <ClInclude Include="Source\CMapFarmingEvent.h">
      <Filter>MyGame</Filter>
    </ClInclude>
    <ClInclude Include="Source\CMapShowDialogEvent.h">
      <Filter>MyGame</Filter>
    </ClInclude>
  </ItemGroup>
  <ItemGroup>
    <ResourceCompile Include="Source\game.rc">
      <Filter>MFC</Filter>
    </ResourceCompile>
  </ItemGroup>
  <ItemGroup>
    <Image Include="RES\recs1.bmp">
      <Filter>Resource Files</Filter>
    </Image>
    <Image Include="RES\Dialog_BG01.png" />
    <Image Include="RES\Dialog_BG01.bmp">
      <Filter>Resource Files</Filter>
    </Image>
    <Image Include="res\bitmap4.bmp">
      <Filter>Resource Files</Filter>
    </Image>
    <Image Include="res\bitmap5.bmp">
      <Filter>Resource Files</Filter>
    </Image>
    <Image Include="res\bitmap9.bmp">
      <Filter>Resource Files</Filter>
    </Image>
    <Image Include="RES\NewMaterial\Terrain\Bush.bmp">
      <Filter>Resource Files</Filter>
    </Image>
    <Image Include="RES\NewMaterial\Terrain\Fence.bmp">
      <Filter>Resource Files</Filter>
    </Image>
    <Image Include="RES\NewMaterial\Terrain\NoticeBoard.bmp">
      <Filter>Resource Files</Filter>
    </Image>
    <Image Include="RES\NewMaterial\Terrain\Stone.bmp">
      <Filter>Resource Files</Filter>
    </Image>
    <Image Include="RES\NewMaterial\Character\move\back\People_back01.bmp">
      <Filter>Resource Files</Filter>
    </Image>
    <Image Include="RES\NewMaterial\Character\move\back\People_back02.bmp">
      <Filter>Resource Files</Filter>
    </Image>
    <Image Include="RES\NewMaterial\Character\move\back\People_back03.bmp">
      <Filter>Resource Files</Filter>
    </Image>
    <Image Include="RES\NewMaterial\Character\move\front\People_front01.bmp">
      <Filter>Resource Files</Filter>
    </Image>
    <Image Include="RES\NewMaterial\Character\move\front\People_front02.bmp">
      <Filter>Resource Files</Filter>
    </Image>
    <Image Include="RES\NewMaterial\Character\move\front\People_front03.bmp">
      <Filter>Resource Files</Filter>
    </Image>
    <Image Include="RES\NewMaterial\Character\move\left\People_left01.bmp">
      <Filter>Resource Files</Filter>
    </Image>
    <Image Include="RES\NewMaterial\Character\move\left\People_left02.bmp">
      <Filter>Resource Files</Filter>
    </Image>
    <Image Include="RES\NewMaterial\Character\move\left\People_left03.bmp">
      <Filter>Resource Files</Filter>
    </Image>
    <Image Include="RES\NewMaterial\Character\move\right\People_right01.bmp">
      <Filter>Resource Files</Filter>
    </Image>
    <Image Include="RES\NewMaterial\Character\move\right\People_right02.bmp">
      <Filter>Resource Files</Filter>
    </Image>
    <Image Include="RES\NewMaterial\Character\move\right\People_right03.bmp">
      <Filter>Resource Files</Filter>
    </Image>
    <Image Include="RES\NewMaterial\Terrain\Grass.bmp">
      <Filter>Resource Files</Filter>
    </Image>
    <Image Include="RES\NewMaterial\Terrain\PlantSoil.bmp">
      <Filter>Resource Files</Filter>
    </Image>
    <Image Include="RES\NewMaterial\Terrain\River01.bmp">
      <Filter>Resource Files</Filter>
    </Image>
    <Image Include="RES\NewMaterial\Terrain\River02.bmp">
      <Filter>Resource Files</Filter>
    </Image>
    <Image Include="RES\NewMaterial\Terrain\River03.bmp">
      <Filter>Resource Files</Filter>
    </Image>
    <Image Include="RES\NewMaterial\Terrain\River04.bmp">
      <Filter>Resource Files</Filter>
    </Image>
    <Image Include="RES\NewMaterial\Terrain\River05.bmp">
      <Filter>Resource Files</Filter>
    </Image>
    <Image Include="RES\NewMaterial\Terrain\Wood.bmp">
      <Filter>Resource Files</Filter>
    </Image>
    <Image Include="res\bitmap17.bmp">
      <Filter>Resource Files</Filter>
    </Image>
    <Image Include="RES\NewMaterial\House\images_BMP\house_01.bmp">
      <Filter>Resource Files</Filter>
    </Image>
    <Image Include="RES\NewMaterial\House\images_BMP\house_02.bmp">
      <Filter>Resource Files</Filter>
    </Image>
    <Image Include="RES\NewMaterial\House\images_BMP\house_06.bmp">
      <Filter>Resource Files</Filter>
    </Image>
    <Image Include="RES\NewMaterial\House\images_BMP\house_11.bmp">
      <Filter>Resource Files</Filter>
    </Image>
    <Image Include="RES\NewMaterial\House\images_BMP\house_12.bmp">
      <Filter>Resource Files</Filter>
    </Image>
    <Image Include="RES\NewMaterial\House\images_BMP\house_16.bmp">
      <Filter>Resource Files</Filter>
    </Image>
    <Image Include="RES\NewMaterial\House\images_BMP\house_17.bmp">
      <Filter>Resource Files</Filter>
    </Image>
    <Image Include="RES\NewMaterial\House\images_BMP\house_18.bmp">
      <Filter>Resource Files</Filter>
    </Image>
    <Image Include="RES\NewMaterial\House\images_BMP\house_19.bmp">
      <Filter>Resource Files</Filter>
    </Image>
    <Image Include="RES\NewMaterial\House\images_BMP\house_20.bmp">
      <Filter>Resource Files</Filter>
    </Image>
    <Image Include="RES\NewMaterial\House\images_BMP\house_21.bmp">
      <Filter>Resource Files</Filter>
    </Image>
    <Image Include="RES\NewMaterial\House\images_BMP\house_22.bmp">
      <Filter>Resource Files</Filter>
    </Image>
    <Image Include="RES\NewMaterial\House\images_BMP\house_23.bmp">
      <Filter>Resource Files</Filter>
    </Image>
    <Image Include="RES\NewMaterial\House\images_BMP\house_24.bmp">
      <Filter>Resource Files</Filter>
    </Image>
    <Image Include="RES\NewMaterial\House\images_BMP\house_25.bmp">
      <Filter>Resource Files</Filter>
    </Image>
    <Image Include="RES\NewMaterial\Terrain\Sand.bmp">
      <Filter>Resource Files</Filter>
    </Image>
    <Image Include="RES\NewMaterial\Terrain\Soil.bmp">
      <Filter>Resource Files</Filter>
    </Image>
    <Image Include="RES\NewMaterial\Character\changeTool\ChangeToolAxe.bmp">
      <Filter>Resource Files</Filter>
    </Image>
    <Image Include="RES\NewMaterial\Character\changeTool\ChangeToolHammer.bmp">
      <Filter>Resource Files</Filter>
    </Image>
    <Image Include="RES\NewMaterial\Character\changeTool\ChangeToolHand.bmp">
      <Filter>Resource Files</Filter>
    </Image>
    <Image Include="RES\NewMaterial\Character\changeTool\ChangeToolHoe.bmp">
      <Filter>Resource Files</Filter>
    </Image>
    <Image Include="RES\NewMaterial\Character\changeTool\ChangeToolSeed.bmp">
      <Filter>Resource Files</Filter>
    </Image>
    <Image Include="RES\NewMaterial\Character\changeTool\ChangeToolSickle.bmp">
      <Filter>Resource Files</Filter>
    </Image>
    <Image Include="RES\NewMaterial\Character\changeTool\ChangeToolWateringCan.bmp">
      <Filter>Resource Files</Filter>
    </Image>
    <Image Include="RES\NewMaterial\House\images_BMP\HouseFloor_01.bmp">
      <Filter>Resource Files</Filter>
    </Image>
    <Image Include="RES\NewMaterial\House\images_BMP\HouseWall_01.bmp">
      <Filter>Resource Files</Filter>
    </Image>
    <Image Include="RES\NewMaterial\House\images_BMP\HouseWall_02.bmp">
      <Filter>Resource Files</Filter>
    </Image>
    <Image Include="RES\NewMaterial\House\images_BMP\HouseWall_03.bmp">
      <Filter>Resource Files</Filter>
    </Image>
    <Image Include="RES\NewMaterial\Character\plant\01.bmp">
      <Filter>Resource Files</Filter>
    </Image>
    <Image Include="RES\NewMaterial\Character\plant\02.bmp">
      <Filter>Resource Files</Filter>
    </Image>
    <Image Include="RES\NewMaterial\Character\plant\03.bmp">
      <Filter>Resource Files</Filter>
    </Image>
    <Image Include="RES\NewMaterial\Character\plant\04.bmp">
      <Filter>Resource Files</Filter>
    </Image>
    <Image Include="RES\NewMaterial\Character\toolSickle\back\01.bmp">
      <Filter>Resource Files</Filter>
    </Image>
    <Image Include="RES\NewMaterial\Character\toolSickle\back\02.bmp">
      <Filter>Resource Files</Filter>
    </Image>
    <Image Include="RES\NewMaterial\Character\toolSickle\back\03.bmp">
      <Filter>Resource Files</Filter>
    </Image>
    <Image Include="RES\NewMaterial\Character\toolSickle\back\04.bmp">
      <Filter>Resource Files</Filter>
    </Image>
    <Image Include="RES\NewMaterial\Character\toolSickle\front\01.bmp">
      <Filter>Resource Files</Filter>
    </Image>
    <Image Include="RES\NewMaterial\Character\toolSickle\front\02.bmp">
      <Filter>Resource Files</Filter>
    </Image>
    <Image Include="RES\NewMaterial\Character\toolSickle\front\03.bmp">
      <Filter>Resource Files</Filter>
    </Image>
    <Image Include="RES\NewMaterial\Character\toolSickle\front\04.bmp">
      <Filter>Resource Files</Filter>
    </Image>
    <Image Include="RES\NewMaterial\Character\toolSickle\left\01.bmp">
      <Filter>Resource Files</Filter>
    </Image>
    <Image Include="RES\NewMaterial\Character\toolSickle\left\02.bmp">
      <Filter>Resource Files</Filter>
    </Image>
    <Image Include="RES\NewMaterial\Character\toolSickle\left\03.bmp">
      <Filter>Resource Files</Filter>
    </Image>
    <Image Include="RES\NewMaterial\Character\toolSickle\left\04.bmp">
      <Filter>Resource Files</Filter>
    </Image>
    <Image Include="RES\NewMaterial\Character\toolSickle\right\01.bmp">
      <Filter>Resource Files</Filter>
    </Image>
    <Image Include="RES\NewMaterial\Character\toolSickle\right\02.bmp">
      <Filter>Resource Files</Filter>
    </Image>
    <Image Include="RES\NewMaterial\Character\toolSickle\right\03.bmp">
      <Filter>Resource Files</Filter>
    </Image>
    <Image Include="RES\NewMaterial\Character\toolSickle\right\04.bmp">
      <Filter>Resource Files</Filter>
    </Image>
    <Image Include="RES\NewMaterial\Character\toolAxe\back\01.bmp">
      <Filter>Resource Files</Filter>
    </Image>
    <Image Include="RES\NewMaterial\Character\toolAxe\back\02.bmp">
      <Filter>Resource Files</Filter>
    </Image>
    <Image Include="RES\NewMaterial\Character\toolAxe\front\01.bmp">
      <Filter>Resource Files</Filter>
    </Image>
    <Image Include="RES\NewMaterial\Character\toolAxe\front\02.bmp">
      <Filter>Resource Files</Filter>
    </Image>
    <Image Include="RES\NewMaterial\Character\toolAxe\front\03.bmp">
      <Filter>Resource Files</Filter>
    </Image>
    <Image Include="RES\NewMaterial\Character\toolAxe\left\01.bmp">
      <Filter>Resource Files</Filter>
    </Image>
    <Image Include="RES\NewMaterial\Character\toolAxe\left\02.bmp">
      <Filter>Resource Files</Filter>
    </Image>
    <Image Include="RES\NewMaterial\Character\toolAxe\left\03.bmp">
      <Filter>Resource Files</Filter>
    </Image>
    <Image Include="RES\NewMaterial\Character\toolAxe\right\01.bmp">
      <Filter>Resource Files</Filter>
    </Image>
    <Image Include="RES\NewMaterial\Character\toolAxe\right\02.bmp">
      <Filter>Resource Files</Filter>
    </Image>
    <Image Include="RES\NewMaterial\Character\toolAxe\right\03.bmp">
      <Filter>Resource Files</Filter>
    </Image>
    <Image Include="RES\NewMaterial\Character\toolWateringCan\back\01.bmp">
      <Filter>Resource Files</Filter>
    </Image>
    <Image Include="RES\NewMaterial\Character\toolWateringCan\back\02.bmp">
      <Filter>Resource Files</Filter>
    </Image>
    <Image Include="res\newmaterial\house\images_bmp\bitmap11.bmp">
      <Filter>Resource Files</Filter>
    </Image>
    <Image Include="RES\NewMaterial\Character\toolWateringCan\front\01.bmp">
      <Filter>Resource Files</Filter>
    </Image>
    <Image Include="RES\NewMaterial\Character\toolWateringCan\front\02.bmp">
      <Filter>Resource Files</Filter>
    </Image>
    <Image Include="RES\NewMaterial\Character\toolWateringCan\left\01.bmp">
      <Filter>Resource Files</Filter>
    </Image>
    <Image Include="RES\NewMaterial\Character\toolWateringCan\left\02.bmp">
      <Filter>Resource Files</Filter>
    </Image>
    <Image Include="RES\NewMaterial\Character\toolWateringCan\right\01.bmp">
      <Filter>Resource Files</Filter>
    </Image>
    <Image Include="RES\NewMaterial\Character\toolWateringCan\right\02.bmp">
      <Filter>Resource Files</Filter>
    </Image>
    <Image Include="RES\NewMaterial\Character\toolHammer\back\01.bmp">
      <Filter>Resource Files</Filter>
    </Image>
    <Image Include="RES\NewMaterial\Character\toolHammer\back\02.bmp">
      <Filter>Resource Files</Filter>
    </Image>
    <Image Include="RES\NewMaterial\Character\toolHammer\front\01.bmp">
      <Filter>Resource Files</Filter>
    </Image>
    <Image Include="RES\NewMaterial\Character\toolHammer\front\02.bmp">
      <Filter>Resource Files</Filter>
    </Image>
    <Image Include="RES\NewMaterial\Character\toolHammer\front\03.bmp">
      <Filter>Resource Files</Filter>
    </Image>
    <Image Include="RES\NewMaterial\Character\toolHammer\left\01.bmp">
      <Filter>Resource Files</Filter>
    </Image>
    <Image Include="RES\NewMaterial\Character\toolHammer\left\02.bmp">
      <Filter>Resource Files</Filter>
    </Image>
    <Image Include="RES\NewMaterial\Character\toolHammer\left\03.bmp">
      <Filter>Resource Files</Filter>
    </Image>
    <Image Include="RES\NewMaterial\Character\toolHammer\right\01.bmp">
      <Filter>Resource Files</Filter>
    </Image>
    <Image Include="RES\NewMaterial\Character\toolHammer\right\02.bmp">
      <Filter>Resource Files</Filter>
    </Image>
    <Image Include="RES\NewMaterial\Character\toolHammer\right\03.bmp">
      <Filter>Resource Files</Filter>
    </Image>
    <Image Include="RES\NewMaterial\Character\toolHoe\back\01.bmp">
      <Filter>Resource Files</Filter>
    </Image>
    <Image Include="RES\NewMaterial\Character\toolHoe\back\02.bmp">
      <Filter>Resource Files</Filter>
    </Image>
    <Image Include="RES\NewMaterial\Character\toolHoe\front\01.bmp">
      <Filter>Resource Files</Filter>
    </Image>
    <Image Include="RES\NewMaterial\Character\toolHoe\front\02.bmp">
      <Filter>Resource Files</Filter>
    </Image>
    <Image Include="RES\NewMaterial\Character\toolHoe\front\03.bmp">
      <Filter>Resource Files</Filter>
    </Image>
    <Image Include="RES\NewMaterial\Character\toolHoe\left\01.bmp">
      <Filter>Resource Files</Filter>
    </Image>
    <Image Include="RES\NewMaterial\Character\toolHoe\left\02.bmp">
      <Filter>Resource Files</Filter>
    </Image>
    <Image Include="RES\NewMaterial\Character\toolHoe\left\03.bmp">
      <Filter>Resource Files</Filter>
    </Image>
    <Image Include="RES\NewMaterial\Character\toolHoe\left\04.bmp">
      <Filter>Resource Files</Filter>
    </Image>
    <Image Include="RES\NewMaterial\Character\toolHoe\right\01.bmp">
      <Filter>Resource Files</Filter>
    </Image>
    <Image Include="RES\NewMaterial\Character\toolHoe\right\02.bmp">
      <Filter>Resource Files</Filter>
    </Image>
    <Image Include="RES\NewMaterial\Character\toolHoe\right\03.bmp">
      <Filter>Resource Files</Filter>
    </Image>
    <Image Include="RES\NewMaterial\Character\toolHoe\right\04.bmp">
      <Filter>Resource Files</Filter>
    </Image>
    <Image Include="RES\NewMaterial\Crops\Radish\Radish_Seed_D.bmp">
      <Filter>Resource Files</Filter>
    </Image>
    <Image Include="RES\NewMaterial\Crops\Radish\Radish_Seed_W.bmp">
      <Filter>Resource Files</Filter>
    </Image>
    <Image Include="RES\NewMaterial\Crops\Radish\Radish_Grow01_D.bmp">
      <Filter>Resource Files</Filter>
    </Image>
    <Image Include="RES\NewMaterial\Crops\Radish\Radish_Grow01_W.bmp">
      <Filter>Resource Files</Filter>
    </Image>
    <Image Include="RES\NewMaterial\Crops\Radish\Radish_Mature.bmp">
      <Filter>Resource Files</Filter>
    </Image>
    <Image Include="RES\NewMaterial\Character\harvestMove\back\01.bmp">
      <Filter>Resource Files</Filter>
    </Image>
    <Image Include="RES\NewMaterial\Character\harvestMove\back\02.bmp">
      <Filter>Resource Files</Filter>
    </Image>
    <Image Include="RES\NewMaterial\Character\harvestMove\back\03.bmp">
      <Filter>Resource Files</Filter>
    </Image>
    <Image Include="RES\NewMaterial\Character\harvestMove\front\01.bmp">
      <Filter>Resource Files</Filter>
    </Image>
    <Image Include="RES\NewMaterial\Character\harvestMove\front\02.bmp">
      <Filter>Resource Files</Filter>
    </Image>
    <Image Include="RES\NewMaterial\Character\harvestMove\front\03.bmp">
      <Filter>Resource Files</Filter>
    </Image>
    <Image Include="RES\NewMaterial\Character\harvestMove\left\01.bmp">
      <Filter>Resource Files</Filter>
    </Image>
    <Image Include="RES\NewMaterial\Character\harvestMove\left\02.bmp">
      <Filter>Resource Files</Filter>
    </Image>
    <Image Include="RES\NewMaterial\Character\harvestMove\left\03.bmp">
      <Filter>Resource Files</Filter>
    </Image>
    <Image Include="RES\NewMaterial\Character\harvestMove\right\01.bmp">
      <Filter>Resource Files</Filter>
    </Image>
    <Image Include="RES\NewMaterial\Character\harvestMove\right\02.bmp">
      <Filter>Resource Files</Filter>
    </Image>
    <Image Include="RES\NewMaterial\Character\harvestMove\right\03.bmp">
      <Filter>Resource Files</Filter>
    </Image>
  </ItemGroup>
</Project>